{
    "_readme": [
        "This file locks the dependencies of your project to a known state",
        "Read more about it at https://getcomposer.org/doc/01-basic-usage.md#composer-lock-the-lock-file",
        "This file is @generated automatically"
    ],
    "content-hash": "d5feb3e22995b19c59fd92105bb3d03f",
    "packages": [
        {
            "name": "cboden/ratchet",
            "version": "v0.4.1",
            "source": {
                "type": "git",
                "url": "https://github.com/ratchetphp/Ratchet.git",
                "reference": "0d31f3a8ad4795fd48397712709e55cd07f51360"
            },
            "dist": {
                "type": "zip",
                "url": "https://files.phpcomposer.com/files/ratchetphp/Ratchet/0d31f3a8ad4795fd48397712709e55cd07f51360.zip",
                "reference": "0d31f3a8ad4795fd48397712709e55cd07f51360",
                "shasum": ""
            },
            "require": {
                "guzzlehttp/psr7": "^1.0",
                "php": ">=5.4.2",
                "ratchet/rfc6455": "^0.2",
                "react/socket": "^1.0 || ^0.8 || ^0.7 || ^0.6 || ^0.5",
                "symfony/http-foundation": "^2.6|^3.0|^4.0",
                "symfony/routing": "^2.6|^3.0|^4.0"
            },
            "require-dev": {
                "phpunit/phpunit": "~4.8"
            },
            "type": "library",
            "autoload": {
                "psr-4": {
                    "Ratchet\\": "src/Ratchet"
                }
            },
            "notification-url": "https://packagist.org/downloads/",
            "license": [
                "MIT"
            ],
            "authors": [
                {
                    "name": "Chris Boden",
                    "email": "cboden@gmail.com",
                    "role": "Developer"
                }
            ],
            "description": "PHP WebSocket library",
            "homepage": "http://socketo.me",
            "keywords": [
                "Ratchet",
                "WebSockets",
                "server",
                "sockets",
                "websocket"
            ],
            "time": "2017-12-12T00:49:31+00:00"
        },
        {
            "name": "evenement/evenement",
            "version": "v3.0.1",
            "source": {
                "type": "git",
                "url": "https://github.com/igorw/evenement.git",
                "reference": "531bfb9d15f8aa57454f5f0285b18bec903b8fb7"
            },
            "dist": {
                "type": "zip",
                "url": "https://files.phpcomposer.com/files/igorw/evenement/531bfb9d15f8aa57454f5f0285b18bec903b8fb7.zip",
                "reference": "531bfb9d15f8aa57454f5f0285b18bec903b8fb7",
                "shasum": ""
            },
            "require": {
                "php": ">=7.0"
            },
            "require-dev": {
                "phpunit/phpunit": "^6.0"
            },
            "type": "library",
            "autoload": {
                "psr-0": {
                    "Evenement": "src"
                }
            },
            "notification-url": "https://packagist.org/downloads/",
            "license": [
                "MIT"
            ],
            "authors": [
                {
                    "name": "Igor Wiedler",
                    "email": "igor@wiedler.ch"
                }
            ],
            "description": "Événement is a very simple event dispatching library for PHP",
            "keywords": [
                "event-dispatcher",
                "event-emitter"
            ],
            "time": "2017-07-23T21:35:13+00:00"
        },
        {
            "name": "guzzlehttp/psr7",
            "version": "1.4.2",
            "source": {
                "type": "git",
                "url": "https://github.com/guzzle/psr7.git",
                "reference": "f5b8a8512e2b58b0071a7280e39f14f72e05d87c"
            },
            "dist": {
                "type": "zip",
                "url": "https://files.phpcomposer.com/files/guzzle/psr7/f5b8a8512e2b58b0071a7280e39f14f72e05d87c.zip",
                "reference": "f5b8a8512e2b58b0071a7280e39f14f72e05d87c",
                "shasum": ""
            },
            "require": {
                "php": ">=5.4.0",
                "psr/http-message": "~1.0"
            },
            "provide": {
                "psr/http-message-implementation": "1.0"
            },
            "require-dev": {
                "phpunit/phpunit": "~4.0"
            },
            "type": "library",
            "extra": {
                "branch-alias": {
                    "dev-master": "1.4-dev"
                }
            },
            "autoload": {
                "psr-4": {
                    "GuzzleHttp\\Psr7\\": "src/"
                },
                "files": [
                    "src/functions_include.php"
                ]
            },
            "notification-url": "https://packagist.org/downloads/",
            "license": [
                "MIT"
            ],
            "authors": [
                {
                    "name": "Michael Dowling",
                    "email": "mtdowling@gmail.com",
                    "homepage": "https://github.com/mtdowling"
                },
                {
                    "name": "Tobias Schultze",
                    "homepage": "https://github.com/Tobion"
                }
            ],
            "description": "PSR-7 message implementation that also provides common utility methods",
            "keywords": [
                "http",
                "message",
                "request",
                "response",
                "stream",
                "uri",
                "url"
            ],
            "time": "2017-03-20T17:10:46+00:00"
        },
        {
            "name": "mike42/escpos-php",
            "version": "v2.0.1",
            "source": {
                "type": "git",
                "url": "https://github.com/mike42/escpos-php.git",
                "reference": "71e99104e39982cfd76de31256df466bd9156f61"
            },
            "dist": {
                "type": "zip",
                "url": "https://files.phpcomposer.com/files/mike42/escpos-php/71e99104e39982cfd76de31256df466bd9156f61.zip",
                "reference": "71e99104e39982cfd76de31256df466bd9156f61",
                "shasum": ""
            },
            "require": {
                "ext-mbstring": "*",
                "php": ">=5.4.0"
            },
            "require-dev": {
                "guzzlehttp/guzzle": "^5.3",
                "phpunit/phpunit": "^4.8",
                "squizlabs/php_codesniffer": "^3.2"
            },
            "suggest": {
                "ext-gd": "Used for image printing if present.",
                "ext-imagick": "Will be used for image printing if present. Required for PDF printing or use of custom fonts.",
                "guzzlehttp/guzzle": "Allows the use of the ApiConnector to send print jobs over HTTP."
            },
            "type": "library",
            "autoload": {
                "psr-4": {
                    "Mike42\\": "src/Mike42"
                }
            },
            "notification-url": "https://packagist.org/downloads/",
            "license": [
                "MIT"
            ],
            "authors": [
                {
                    "name": "Michael Billington",
                    "email": "michael.billington@gmail.com"
                }
            ],
            "description": "PHP receipt printer library for use with ESC/POS-compatible thermal and impact printers",
            "homepage": "https://github.com/mike42/escpos-php",
            "keywords": [
                "ESC-POS",
                "driver",
                "escpos",
                "print",
                "receipt"
            ],
            "time": "2018-03-17T04:29:19+00:00"
        },
        {
            "name": "nesbot/carbon",
            "version": "1.25.0",
            "source": {
                "type": "git",
                "url": "https://github.com/briannesbitt/Carbon.git",
                "reference": "cbcf13da0b531767e39eb86e9687f5deba9857b4"
            },
            "dist": {
                "type": "zip",
                "url": "https://files.phpcomposer.com/files/briannesbitt/Carbon/cbcf13da0b531767e39eb86e9687f5deba9857b4.zip",
                "reference": "cbcf13da0b531767e39eb86e9687f5deba9857b4",
                "shasum": ""
            },
            "require": {
                "php": ">=5.3.9",
                "symfony/translation": "~2.6 || ~3.0 || ~4.0"
            },
            "require-dev": {
                "friendsofphp/php-cs-fixer": "~2",
                "phpunit/phpunit": "^4.8.35 || ^5.7"
            },
            "type": "library",
            "extra": {
                "branch-alias": {
                    "dev-master": "1.23-dev"
                }
            },
            "autoload": {
                "psr-4": {
                    "Carbon\\": "src/Carbon/"
                }
            },
            "notification-url": "https://packagist.org/downloads/",
            "license": [
                "MIT"
            ],
            "authors": [
                {
                    "name": "Brian Nesbitt",
                    "email": "brian@nesbot.com",
                    "homepage": "http://nesbot.com"
                }
            ],
            "description": "A simple API extension for DateTime.",
            "homepage": "http://carbon.nesbot.com",
            "keywords": [
                "date",
                "datetime",
                "time"
            ],
            "time": "2018-03-19T15:50:49+00:00"
        },
        {
            "name": "paragonie/random_compat",
            "version": "v2.0.12",
            "source": {
                "type": "git",
                "url": "https://github.com/paragonie/random_compat.git",
                "reference": "258c89a6b97de7dfaf5b8c7607d0478e236b04fb"
            },
            "dist": {
                "type": "zip",
                "url": "https://files.phpcomposer.com/files/paragonie/random_compat/258c89a6b97de7dfaf5b8c7607d0478e236b04fb.zip",
                "reference": "258c89a6b97de7dfaf5b8c7607d0478e236b04fb",
                "shasum": ""
            },
            "require": {
                "php": ">=5.2.0"
            },
            "require-dev": {
                "phpunit/phpunit": "4.*|5.*"
            },
            "suggest": {
                "ext-libsodium": "Provides a modern crypto API that can be used to generate random bytes."
            },
            "type": "library",
            "autoload": {
                "files": [
                    "lib/random.php"
                ]
            },
            "notification-url": "https://packagist.org/downloads/",
            "license": [
                "MIT"
            ],
            "authors": [
                {
                    "name": "Paragon Initiative Enterprises",
                    "email": "security@paragonie.com",
                    "homepage": "https://paragonie.com"
                }
            ],
            "description": "PHP 5.x polyfill for random_bytes() and random_int() from PHP 7",
            "keywords": [
                "csprng",
                "pseudorandom",
                "random"
            ],
            "time": "2018-04-04T21:24:14+00:00"
        },
        {
            "name": "psr/http-message",
            "version": "1.0.1",
            "source": {
                "type": "git",
                "url": "https://github.com/php-fig/http-message.git",
                "reference": "f6561bf28d520154e4b0ec72be95418abe6d9363"
            },
            "dist": {
                "type": "zip",
                "url": "https://files.phpcomposer.com/files/php-fig/http-message/f6561bf28d520154e4b0ec72be95418abe6d9363.zip",
                "reference": "f6561bf28d520154e4b0ec72be95418abe6d9363",
                "shasum": ""
            },
            "require": {
                "php": ">=5.3.0"
            },
            "type": "library",
            "extra": {
                "branch-alias": {
                    "dev-master": "1.0.x-dev"
                }
            },
            "autoload": {
                "psr-4": {
                    "Psr\\Http\\Message\\": "src/"
                }
            },
            "notification-url": "https://packagist.org/downloads/",
            "license": [
                "MIT"
            ],
            "authors": [
                {
                    "name": "PHP-FIG",
                    "homepage": "http://www.php-fig.org/"
                }
            ],
            "description": "Common interface for HTTP messages",
            "homepage": "https://github.com/php-fig/http-message",
            "keywords": [
                "http",
                "http-message",
                "psr",
                "psr-7",
                "request",
                "response"
            ],
            "time": "2016-08-06T14:39:51+00:00"
        },
        {
            "name": "ratchet/rfc6455",
            "version": "v0.2.3",
            "source": {
                "type": "git",
                "url": "https://github.com/ratchetphp/RFC6455.git",
                "reference": "cc8a1a46a703ce01de10fdb5fab387381b66edc8"
            },
            "dist": {
                "type": "zip",
                "url": "https://files.phpcomposer.com/files/ratchetphp/RFC6455/cc8a1a46a703ce01de10fdb5fab387381b66edc8.zip",
                "reference": "cc8a1a46a703ce01de10fdb5fab387381b66edc8",
                "shasum": ""
            },
            "require": {
                "guzzlehttp/psr7": "^1.0",
                "php": ">=5.4.2"
            },
            "require-dev": {
                "phpunit/phpunit": "4.8.*",
                "react/http": "^0.4.1",
                "react/socket-client": "^0.4.3"
            },
            "type": "library",
            "autoload": {
                "psr-4": {
                    "Ratchet\\RFC6455\\": "src"
                }
            },
            "notification-url": "https://packagist.org/downloads/",
            "license": [
                "MIT"
            ],
            "authors": [
                {
                    "name": "Chris Boden",
                    "email": "cboden@gmail.com",
                    "role": "Developer"
                }
            ],
            "description": "RFC6455 WebSocket protocol handler",
            "homepage": "http://socketo.me",
            "keywords": [
                "WebSockets",
                "rfc6455",
                "websocket"
            ],
            "time": "2017-09-13T13:49:42+00:00"
        },
        {
            "name": "react/cache",
            "version": "v0.4.2",
            "source": {
                "type": "git",
                "url": "https://github.com/reactphp/cache.git",
                "reference": "75494f26b4ef089db9bf8c90b63c296246e099e8"
            },
            "dist": {
                "type": "zip",
                "url": "https://files.phpcomposer.com/files/reactphp/cache/75494f26b4ef089db9bf8c90b63c296246e099e8.zip",
                "reference": "75494f26b4ef089db9bf8c90b63c296246e099e8",
                "shasum": ""
            },
            "require": {
                "php": ">=5.3.0",
                "react/promise": "~2.0|~1.1"
            },
            "require-dev": {
                "phpunit/phpunit": "^6.4 || ^5.7 || ^4.8.35"
            },
            "type": "library",
            "autoload": {
                "psr-4": {
                    "React\\Cache\\": "src/"
                }
            },
            "notification-url": "https://packagist.org/downloads/",
            "license": [
                "MIT"
            ],
            "description": "Async, Promise-based cache interface for ReactPHP",
            "keywords": [
                "cache",
                "caching",
                "promise",
                "reactphp"
            ],
            "time": "2017-12-20T16:47:13+00:00"
        },
        {
            "name": "react/dns",
            "version": "v0.4.13",
            "source": {
                "type": "git",
                "url": "https://github.com/reactphp/dns.git",
                "reference": "7d1e08c300fd7de600810883386ee5e2a64898f4"
            },
            "dist": {
                "type": "zip",
                "url": "https://files.phpcomposer.com/files/reactphp/dns/7d1e08c300fd7de600810883386ee5e2a64898f4.zip",
                "reference": "7d1e08c300fd7de600810883386ee5e2a64898f4",
                "shasum": ""
            },
            "require": {
                "php": ">=5.3.0",
                "react/cache": "~0.4.0|~0.3.0",
                "react/event-loop": "^1.0 || ^0.5 || ^0.4 || ^0.3.5",
                "react/promise": "^2.1 || ^1.2.1",
                "react/promise-timer": "^1.2",
                "react/stream": "^1.0 || ^0.7 || ^0.6 || ^0.5 || ^0.4.5"
            },
            "require-dev": {
                "clue/block-react": "^1.2",
                "phpunit/phpunit": "^6.4 || ^5.7 || ^4.8.35"
            },
            "type": "library",
            "autoload": {
                "psr-4": {
                    "React\\Dns\\": "src"
                }
            },
            "notification-url": "https://packagist.org/downloads/",
            "license": [
                "MIT"
            ],
            "description": "Async DNS resolver for ReactPHP",
            "keywords": [
                "async",
                "dns",
                "dns-resolver",
                "reactphp"
            ],
            "time": "2018-02-27T12:51:22+00:00"
        },
        {
            "name": "react/event-loop",
            "version": "v0.5.1",
            "source": {
                "type": "git",
                "url": "https://github.com/reactphp/event-loop.git",
                "reference": "e1e0647a5c6e2c86013a24e9c8252113df86105a"
            },
            "dist": {
                "type": "zip",
                "url": "https://files.phpcomposer.com/files/reactphp/event-loop/e1e0647a5c6e2c86013a24e9c8252113df86105a.zip",
                "reference": "e1e0647a5c6e2c86013a24e9c8252113df86105a",
                "shasum": ""
            },
            "require": {
                "php": ">=5.3.0"
            },
            "require-dev": {
                "phpunit/phpunit": "~4.8.35 || ^5.7 || ^6.4"
            },
            "suggest": {
                "ext-event": "~1.0 for ExtEventLoop",
                "ext-pcntl": "For signal handling support when using the StreamSelectLoop"
            },
            "type": "library",
            "autoload": {
                "psr-4": {
                    "React\\EventLoop\\": "src"
                }
            },
            "notification-url": "https://packagist.org/downloads/",
            "license": [
                "MIT"
            ],
            "description": "ReactPHP's core reactor event loop that libraries can use for evented I/O.",
            "keywords": [
                "asynchronous",
                "event-loop"
            ],
            "time": "2018-04-09T11:59:21+00:00"
        },
        {
            "name": "react/promise",
            "version": "v2.5.1",
            "source": {
                "type": "git",
                "url": "https://github.com/reactphp/promise.git",
                "reference": "62785ae604c8d69725d693eb370e1d67e94c4053"
            },
            "dist": {
                "type": "zip",
                "url": "https://files.phpcomposer.com/files/reactphp/promise/62785ae604c8d69725d693eb370e1d67e94c4053.zip",
                "reference": "62785ae604c8d69725d693eb370e1d67e94c4053",
                "shasum": ""
            },
            "require": {
                "php": ">=5.4.0"
            },
            "require-dev": {
                "phpunit/phpunit": "~4.8"
            },
            "type": "library",
            "autoload": {
                "psr-4": {
                    "React\\Promise\\": "src/"
                },
                "files": [
                    "src/functions_include.php"
                ]
            },
            "notification-url": "https://packagist.org/downloads/",
            "license": [
                "MIT"
            ],
            "authors": [
                {
                    "name": "Jan Sorgalla",
                    "email": "jsorgalla@gmail.com"
                }
            ],
            "description": "A lightweight implementation of CommonJS Promises/A for PHP",
            "keywords": [
                "promise",
                "promises"
            ],
            "time": "2017-03-25T12:08:31+00:00"
        },
        {
            "name": "react/promise-timer",
            "version": "v1.2.1",
            "source": {
                "type": "git",
                "url": "https://github.com/reactphp/promise-timer.git",
                "reference": "9b4cd9cbe7457e0d87fe8aa7ccceab8a2c830fbd"
            },
            "dist": {
                "type": "zip",
                "url": "https://files.phpcomposer.com/files/reactphp/promise-timer/9b4cd9cbe7457e0d87fe8aa7ccceab8a2c830fbd.zip",
                "reference": "9b4cd9cbe7457e0d87fe8aa7ccceab8a2c830fbd",
                "shasum": ""
            },
            "require": {
                "php": ">=5.3",
                "react/event-loop": "^1.0 || ^0.5 || ^0.4 || ^0.3.5",
                "react/promise": "~2.1|~1.2"
            },
            "require-dev": {
                "phpunit/phpunit": "^6.4 || ^5.7 || ^4.8.35"
            },
            "type": "library",
            "autoload": {
                "psr-4": {
                    "React\\Promise\\Timer\\": "src/"
                },
                "files": [
                    "src/functions.php"
                ]
            },
            "notification-url": "https://packagist.org/downloads/",
            "license": [
                "MIT"
            ],
            "authors": [
                {
                    "name": "Christian Lück",
                    "email": "christian@lueck.tv"
                }
            ],
            "description": "A trivial implementation of timeouts for Promises, built on top of ReactPHP.",
            "homepage": "https://github.com/react/promise-timer",
            "keywords": [
                "async",
                "event-loop",
                "promise",
                "reactphp",
                "timeout",
                "timer"
            ],
            "time": "2017-12-22T15:41:41+00:00"
        },
        {
            "name": "react/socket",
            "version": "v0.8.10",
            "source": {
                "type": "git",
                "url": "https://github.com/reactphp/socket.git",
                "reference": "d3957313c92b539537fccc80170c05a27ec25796"
            },
            "dist": {
                "type": "zip",
                "url": "https://files.phpcomposer.com/files/reactphp/socket/d3957313c92b539537fccc80170c05a27ec25796.zip",
                "reference": "d3957313c92b539537fccc80170c05a27ec25796",
                "shasum": ""
            },
            "require": {
                "evenement/evenement": "^3.0 || ^2.0 || ^1.0",
                "php": ">=5.3.0",
                "react/dns": "^0.4.13",
                "react/event-loop": "^1.0 || ^0.5 || ^0.4 || ^0.3.5",
                "react/promise": "^2.1 || ^1.2",
                "react/promise-timer": "~1.0",
                "react/stream": "^1.0 || ^0.7.1"
            },
            "require-dev": {
                "clue/block-react": "^1.2",
                "phpunit/phpunit": "^6.4 || ^5.7 || ^4.8.35"
            },
            "type": "library",
            "autoload": {
                "psr-4": {
                    "React\\Socket\\": "src"
                }
            },
            "notification-url": "https://packagist.org/downloads/",
            "license": [
                "MIT"
            ],
            "description": "Async, streaming plaintext TCP/IP and secure TLS socket server and client connections for ReactPHP",
            "keywords": [
                "Connection",
                "Socket",
                "async",
                "reactphp",
                "stream"
            ],
            "time": "2018-02-28T09:32:38+00:00"
        },
        {
            "name": "react/stream",
            "version": "v0.7.7",
            "source": {
                "type": "git",
                "url": "https://github.com/reactphp/stream.git",
                "reference": "10100896018fd847a257cd81143b8e1b7be08e40"
            },
            "dist": {
                "type": "zip",
                "url": "https://files.phpcomposer.com/files/reactphp/stream/10100896018fd847a257cd81143b8e1b7be08e40.zip",
                "reference": "10100896018fd847a257cd81143b8e1b7be08e40",
                "shasum": ""
            },
            "require": {
                "evenement/evenement": "^3.0 || ^2.0 || ^1.0",
                "php": ">=5.3.8",
                "react/event-loop": "^1.0 || ^0.5 || ^0.4 || ^0.3.5"
            },
            "require-dev": {
                "clue/stream-filter": "~1.2",
                "phpunit/phpunit": "^6.4 || ^5.7 || ^4.8.35"
            },
            "type": "library",
            "autoload": {
                "psr-4": {
                    "React\\Stream\\": "src"
                }
            },
            "notification-url": "https://packagist.org/downloads/",
            "license": [
                "MIT"
            ],
            "description": "Event-driven readable and writable streams for non-blocking I/O in ReactPHP",
            "keywords": [
                "event-driven",
                "io",
                "non-blocking",
                "pipe",
                "reactphp",
                "readable",
                "stream",
                "writable"
            ],
            "time": "2018-01-19T15:04:38+00:00"
        },
        {
            "name": "symfony/http-foundation",
            "version": "v3.4.8",
            "source": {
                "type": "git",
                "url": "https://github.com/symfony/http-foundation.git",
                "reference": "b11e6d165ff4cbf5685d185ab19a90f2f3bb7d1e"
            },
            "dist": {
                "type": "zip",
                "url": "https://files.phpcomposer.com/files/symfony/http-foundation/b11e6d165ff4cbf5685d185ab19a90f2f3bb7d1e.zip",
                "reference": "b11e6d165ff4cbf5685d185ab19a90f2f3bb7d1e",
                "shasum": ""
            },
            "require": {
                "php": "^5.5.9|>=7.0.8",
                "symfony/polyfill-mbstring": "~1.1",
                "symfony/polyfill-php70": "~1.6"
            },
            "require-dev": {
                "symfony/expression-language": "~2.8|~3.0|~4.0"
            },
            "type": "library",
            "extra": {
                "branch-alias": {
                    "dev-master": "3.4-dev"
                }
            },
            "autoload": {
                "psr-4": {
                    "Symfony\\Component\\HttpFoundation\\": ""
                },
                "exclude-from-classmap": [
                    "/Tests/"
                ]
            },
            "notification-url": "https://packagist.org/downloads/",
            "license": [
                "MIT"
            ],
            "authors": [
                {
                    "name": "Fabien Potencier",
                    "email": "fabien@symfony.com"
                },
                {
                    "name": "Symfony Community",
                    "homepage": "https://symfony.com/contributors"
                }
            ],
            "description": "Symfony HttpFoundation Component",
            "homepage": "https://symfony.com",
            "time": "2018-04-03T05:22:50+00:00"
        },
        {
            "name": "symfony/polyfill-mbstring",
            "version": "v1.7.0",
            "source": {
                "type": "git",
                "url": "https://github.com/symfony/polyfill-mbstring.git",
                "reference": "78be803ce01e55d3491c1397cf1c64beb9c1b63b"
            },
            "dist": {
                "type": "zip",
                "url": "https://files.phpcomposer.com/files/symfony/polyfill-mbstring/78be803ce01e55d3491c1397cf1c64beb9c1b63b.zip",
                "reference": "78be803ce01e55d3491c1397cf1c64beb9c1b63b",
                "shasum": ""
            },
            "require": {
                "php": ">=5.3.3"
            },
            "suggest": {
                "ext-mbstring": "For best performance"
            },
            "type": "library",
            "extra": {
                "branch-alias": {
                    "dev-master": "1.7-dev"
                }
            },
            "autoload": {
                "psr-4": {
                    "Symfony\\Polyfill\\Mbstring\\": ""
                },
                "files": [
                    "bootstrap.php"
                ]
            },
            "notification-url": "https://packagist.org/downloads/",
            "license": [
                "MIT"
            ],
            "authors": [
                {
                    "name": "Nicolas Grekas",
                    "email": "p@tchwork.com"
                },
                {
                    "name": "Symfony Community",
                    "homepage": "https://symfony.com/contributors"
                }
            ],
            "description": "Symfony polyfill for the Mbstring extension",
            "homepage": "https://symfony.com",
            "keywords": [
                "compatibility",
                "mbstring",
                "polyfill",
                "portable",
                "shim"
            ],
            "time": "2018-01-30T19:27:44+00:00"
        },
        {
            "name": "symfony/polyfill-php70",
            "version": "v1.7.0",
            "source": {
                "type": "git",
                "url": "https://github.com/symfony/polyfill-php70.git",
                "reference": "3532bfcd8f933a7816f3a0a59682fc404776600f"
            },
            "dist": {
                "type": "zip",
                "url": "https://files.phpcomposer.com/files/symfony/polyfill-php70/3532bfcd8f933a7816f3a0a59682fc404776600f.zip",
                "reference": "3532bfcd8f933a7816f3a0a59682fc404776600f",
                "shasum": ""
            },
            "require": {
                "paragonie/random_compat": "~1.0|~2.0",
                "php": ">=5.3.3"
            },
            "type": "library",
            "extra": {
                "branch-alias": {
                    "dev-master": "1.7-dev"
                }
            },
            "autoload": {
                "psr-4": {
                    "Symfony\\Polyfill\\Php70\\": ""
                },
                "files": [
                    "bootstrap.php"
                ],
                "classmap": [
                    "Resources/stubs"
                ]
            },
            "notification-url": "https://packagist.org/downloads/",
            "license": [
                "MIT"
            ],
            "authors": [
                {
                    "name": "Nicolas Grekas",
                    "email": "p@tchwork.com"
                },
                {
                    "name": "Symfony Community",
                    "homepage": "https://symfony.com/contributors"
                }
            ],
            "description": "Symfony polyfill backporting some PHP 7.0+ features to lower PHP versions",
            "homepage": "https://symfony.com",
            "keywords": [
                "compatibility",
                "polyfill",
                "portable",
                "shim"
            ],
            "time": "2018-01-30T19:27:44+00:00"
        },
        {
            "name": "symfony/routing",
            "version": "v3.4.8",
            "source": {
                "type": "git",
                "url": "https://github.com/symfony/routing.git",
                "reference": "50f333b707bef9f6972ad04e6df3ec8875c9a67c"
            },
            "dist": {
                "type": "zip",
                "url": "https://files.phpcomposer.com/files/symfony/routing/50f333b707bef9f6972ad04e6df3ec8875c9a67c.zip",
                "reference": "50f333b707bef9f6972ad04e6df3ec8875c9a67c",
                "shasum": ""
            },
            "require": {
                "php": "^5.5.9|>=7.0.8"
            },
            "conflict": {
                "symfony/config": "<3.3.1",
                "symfony/dependency-injection": "<3.3",
                "symfony/yaml": "<3.4"
            },
            "require-dev": {
                "doctrine/annotations": "~1.0",
                "doctrine/common": "~2.2",
                "psr/log": "~1.0",
                "symfony/config": "^3.3.1|~4.0",
                "symfony/dependency-injection": "~3.3|~4.0",
                "symfony/expression-language": "~2.8|~3.0|~4.0",
                "symfony/http-foundation": "~2.8|~3.0|~4.0",
                "symfony/yaml": "~3.4|~4.0"
            },
            "suggest": {
                "doctrine/annotations": "For using the annotation loader",
                "symfony/config": "For using the all-in-one router or any loader",
                "symfony/dependency-injection": "For loading routes from a service",
                "symfony/expression-language": "For using expression matching",
                "symfony/http-foundation": "For using a Symfony Request object",
                "symfony/yaml": "For using the YAML loader"
            },
            "type": "library",
            "extra": {
                "branch-alias": {
                    "dev-master": "3.4-dev"
                }
            },
            "autoload": {
                "psr-4": {
                    "Symfony\\Component\\Routing\\": ""
                },
                "exclude-from-classmap": [
                    "/Tests/"
                ]
            },
            "notification-url": "https://packagist.org/downloads/",
            "license": [
                "MIT"
            ],
            "authors": [
                {
                    "name": "Fabien Potencier",
                    "email": "fabien@symfony.com"
                },
                {
                    "name": "Symfony Community",
                    "homepage": "https://symfony.com/contributors"
                }
            ],
            "description": "Symfony Routing Component",
            "homepage": "https://symfony.com",
            "keywords": [
                "router",
                "routing",
                "uri",
                "url"
            ],
            "time": "2018-04-04T13:22:16+00:00"
        },
        {
            "name": "symfony/translation",
            "version": "v3.4.8",
            "source": {
                "type": "git",
                "url": "https://github.com/symfony/translation.git",
                "reference": "80e19eaf12cbb546ac40384e5c55c36306823e57"
            },
            "dist": {
                "type": "zip",
                "url": "https://files.phpcomposer.com/files/symfony/translation/80e19eaf12cbb546ac40384e5c55c36306823e57.zip",
                "reference": "80e19eaf12cbb546ac40384e5c55c36306823e57",
                "shasum": ""
            },
            "require": {
                "php": "^5.5.9|>=7.0.8",
                "symfony/polyfill-mbstring": "~1.0"
            },
            "conflict": {
                "symfony/config": "<2.8",
                "symfony/dependency-injection": "<3.4",
                "symfony/yaml": "<3.4"
            },
            "require-dev": {
                "psr/log": "~1.0",
                "symfony/config": "~2.8|~3.0|~4.0",
                "symfony/dependency-injection": "~3.4|~4.0",
                "symfony/finder": "~2.8|~3.0|~4.0",
                "symfony/intl": "^2.8.18|^3.2.5|~4.0",
                "symfony/yaml": "~3.4|~4.0"
            },
            "suggest": {
                "psr/log": "To use logging capability in translator",
                "symfony/config": "",
                "symfony/yaml": ""
            },
            "type": "library",
            "extra": {
                "branch-alias": {
                    "dev-master": "3.4-dev"
                }
            },
            "autoload": {
                "psr-4": {
                    "Symfony\\Component\\Translation\\": ""
                },
                "exclude-from-classmap": [
                    "/Tests/"
                ]
            },
            "notification-url": "https://packagist.org/downloads/",
            "license": [
                "MIT"
            ],
            "authors": [
                {
                    "name": "Fabien Potencier",
                    "email": "fabien@symfony.com"
                },
                {
                    "name": "Symfony Community",
                    "homepage": "https://symfony.com/contributors"
                }
            ],
            "description": "Symfony Translation Component",
            "homepage": "https://symfony.com",
            "time": "2018-02-22T06:28:18+00:00"
        }
    ],
    "packages-dev": [],
    "aliases": [],
    "minimum-stability": "stable",
    "stability-flags": [],
    "prefer-stable": false,
    "prefer-lowest": false,
    "platform": [],
    "platform-dev": []
}
